
Microsoft Visual Studio Solution File, Format Version 12.00
# Visual Studio 14
VisualStudioVersion = 14.0.24720.0
MinimumVisualStudioVersion = 10.0.40219.1
Project("{2150E333-8FDC-42A3-9474-1A3956D46DE8}") = "Applications", "Applications", "{BD933E0E-B3FD-470B-B53B-56DA8BC27467}"
EndProject
Project("{2150E333-8FDC-42A3-9474-1A3956D46DE8}") = "Tools", "Tools", "{9EEDE95F-8333-4957-B270-02D3CD4629B5}"
EndProject
Project("{2150E333-8FDC-42A3-9474-1A3956D46DE8}") = "PDQTrackerManager", "PDQTrackerManager", "{94B7694B-F813-47FF-8C50-33DCA32D183D}"
EndProject
Project("{2150E333-8FDC-42A3-9474-1A3956D46DE8}") = "Data", "Data", "{E7006E3E-A430-4AB2-A6CA-7653D7F62D4B}"
	ProjectSection(SolutionItems) = preProject
		Data\DatabaseUpdateReadme.txt = Data\DatabaseUpdateReadme.txt
		Data\SerializedSchema.bin = Data\SerializedSchema.bin
	EndProjectSection
EndProject
Project("{2150E333-8FDC-42A3-9474-1A3956D46DE8}") = "SQL Server", "SQL Server", "{9A59B9E0-A36F-4C52-8568-CB004B20885B}"
	ProjectSection(SolutionItems) = preProject
		Data\SQL Server\AuditLog.sql = Data\SQL Server\AuditLog.sql
		Data\SQL Server\InitialDataSet.sql = Data\SQL Server\InitialDataSet.sql
		Data\SQL Server\PDQTracker.sql = Data\SQL Server\PDQTracker.sql
		Data\SQL Server\SampleDataSet.sql = Data\SQL Server\SampleDataSet.sql
	EndProjectSection
EndProject
Project("{2150E333-8FDC-42A3-9474-1A3956D46DE8}") = "MySql", "MySql", "{B1AC9848-2909-4A7B-9541-8EA4E89E72F1}"
	ProjectSection(SolutionItems) = preProject
		Data\MySQL\AuditLog.sql = Data\MySQL\AuditLog.sql
		Data\MySQL\InitialDataSet.sql = Data\MySQL\InitialDataSet.sql
		Data\MySQL\PDQTracker.sql = Data\MySQL\PDQTracker.sql
		Data\MySQL\SampleDataSet.sql = Data\MySQL\SampleDataSet.sql
	EndProjectSection
EndProject
Project("{2150E333-8FDC-42A3-9474-1A3956D46DE8}") = "PDQTracker", "PDQTracker", "{CE260396-797B-45DF-AC53-E4FC553B57C0}"
EndProject
Project("{2150E333-8FDC-42A3-9474-1A3956D46DE8}") = "Solution Items", "Solution Items", "{6B697ECD-E3BE-485B-BE90-BAAA12F3A68D}"
	ProjectSection(SolutionItems) = preProject
		LICENSE.txt = LICENSE.txt
		NOTICE.txt = NOTICE.txt
		PDQTracker.snk = PDQTracker.snk
		PDQTracker.testrunconfig = PDQTracker.testrunconfig
	EndProjectSection
EndProject
Project("{2150E333-8FDC-42A3-9474-1A3956D46DE8}") = "ConfigurationSetupUtility", "ConfigurationSetupUtility", "{F7821DF0-BD48-481E-9DF9-D64AEFD24F57}"
EndProject
Project("{2150E333-8FDC-42A3-9474-1A3956D46DE8}") = "Setup", "Setup", "{D71CBFB5-291F-484E-9DAE-7442F4CA746A}"
EndProject
Project("{2150E333-8FDC-42A3-9474-1A3956D46DE8}") = "SQLite", "SQLite", "{53255BB7-2046-4606-BF76-7B5C13F49819}"
	ProjectSection(SolutionItems) = preProject
		Data\SQLite\InitialDataSet.sql = Data\SQLite\InitialDataSet.sql
		Data\SQLite\PDQTracker-InitialDataSet.db = Data\SQLite\PDQTracker-InitialDataSet.db
		Data\SQLite\PDQTracker-SampleDataSet.db = Data\SQLite\PDQTracker-SampleDataSet.db
		Data\SQLite\PDQTracker.sql = Data\SQLite\PDQTracker.sql
		Data\SQLite\SampleDataSet.sql = Data\SQLite\SampleDataSet.sql
		Data\SQLite\sqlite3.exe = Data\SQLite\sqlite3.exe
	EndProjectSection
EndProject
Project("{2150E333-8FDC-42A3-9474-1A3956D46DE8}") = "Oracle", "Oracle", "{051BD028-6567-442A-B7C5-A5DD9F70B357}"
	ProjectSection(SolutionItems) = preProject
		Data\Oracle\AuditLog.sql = Data\Oracle\AuditLog.sql
		Data\Oracle\InitialDataSet.sql = Data\Oracle\InitialDataSet.sql
		Data\Oracle\PDQTracker.sql = Data\Oracle\PDQTracker.sql
		Data\Oracle\SampleDataSet.sql = Data\Oracle\SampleDataSet.sql
	EndProjectSection
EndProject
Project("{FAE04EC0-301F-11D3-BF4B-00C04F79EFBC}") = "PDQTracker4.5.2", "Applications\PDQTracker\PDQTracker\PDQTracker4.5.2.csproj", "{0BF2447E-252D-4712-B154-E350AF463081}"
	ProjectSection(ProjectDependencies) = postProject
		{449F2CB1-89BF-4E75-8E6C-C42FEB1AB087} = {449F2CB1-89BF-4E75-8E6C-C42FEB1AB087}
	EndProjectSection
EndProject
Project("{FAE04EC0-301F-11D3-BF4B-00C04F79EFBC}") = "PDQTrackerConsole4.5.2", "Applications\PDQTracker\PDQTrackerConsole\PDQTrackerConsole4.5.2.csproj", "{449F2CB1-89BF-4E75-8E6C-C42FEB1AB087}"
EndProject
Project("{FAE04EC0-301F-11D3-BF4B-00C04F79EFBC}") = "PDQTrackerServices4.5.2", "Applications\PDQTracker\PDQTrackerServices\PDQTrackerServices4.5.2.csproj", "{17C0E07E-646F-4D20-9394-0CC34AD6D5B1}"
EndProject
Project("{FAE04EC0-301F-11D3-BF4B-00C04F79EFBC}") = "ConfigurationSetupUtility4.5.2", "Tools\ConfigurationSetupUtility\ConfigurationSetupUtility4.5.2.csproj", "{2A74EACF-8291-47C7-A2ED-0D58771F24E2}"
EndProject
Project("{FAE04EC0-301F-11D3-BF4B-00C04F79EFBC}") = "Setup4.5.2", "Tools\Setup\Setup4.5.2.csproj", "{A4C500AC-70AC-4869-8A08-E10CCD45F64F}"
	ProjectSection(ProjectDependencies) = postProject
		{6858B393-77B4-4F28-A4B1-14B484C10FB2} = {6858B393-77B4-4F28-A4B1-14B484C10FB2}
		{2A74EACF-8291-47C7-A2ED-0D58771F24E2} = {2A74EACF-8291-47C7-A2ED-0D58771F24E2}
	EndProjectSection
EndProject
Project("{FAE04EC0-301F-11D3-BF4B-00C04F79EFBC}") = "PDQTrackerManager4.5.2", "Applications\PDQTrackerManager\PDQTrackerManager\PDQTrackerManager4.5.2.csproj", "{6903507C-C289-4F8F-887C-C2D94C72BA99}"
EndProject
Project("{FAE04EC0-301F-11D3-BF4B-00C04F79EFBC}") = "PDQTrackerShell4.5.2", "Applications\PDQTracker\PDQTrackerShell\PDQTrackerShell4.5.2.csproj", "{5D7F9600-E7F9-491C-AD0C-CECBA54F7083}"
EndProject
Project("{930C7802-8A8C-48F9-8165-68863BCCD9DD}") = "PDQTrackerSetup4.5.2", "Applications\PDQTracker\PDQTrackerSetup4.5.2\PDQTrackerSetup4.5.2.wixproj", "{6858B393-77B4-4F28-A4B1-14B484C10FB2}"
EndProject
Global
	GlobalSection(SolutionConfigurationPlatforms) = preSolution
		Debug|Any CPU = Debug|Any CPU
		Debug|x64 = Debug|x64
		Debug|x86 = Debug|x86
		Deploy|Any CPU = Deploy|Any CPU
		Deploy|x64 = Deploy|x64
		Deploy|x86 = Deploy|x86
		Mono|Any CPU = Mono|Any CPU
		Mono|x64 = Mono|x64
		Mono|x86 = Mono|x86
		Release|Any CPU = Release|Any CPU
		Release|x64 = Release|x64
		Release|x86 = Release|x86
	EndGlobalSection
	GlobalSection(ProjectConfigurationPlatforms) = postSolution
		{0BF2447E-252D-4712-B154-E350AF463081}.Debug|Any CPU.ActiveCfg = Debug|Any CPU
		{0BF2447E-252D-4712-B154-E350AF463081}.Debug|Any CPU.Build.0 = Debug|Any CPU
		{0BF2447E-252D-4712-B154-E350AF463081}.Debug|x64.ActiveCfg = Debug|Any CPU
		{0BF2447E-252D-4712-B154-E350AF463081}.Debug|x64.Build.0 = Debug|Any CPU
		{0BF2447E-252D-4712-B154-E350AF463081}.Debug|x86.ActiveCfg = Debug|x86
		{0BF2447E-252D-4712-B154-E350AF463081}.Debug|x86.Build.0 = Debug|x86
		{0BF2447E-252D-4712-B154-E350AF463081}.Deploy|Any CPU.ActiveCfg = Release|Any CPU
		{0BF2447E-252D-4712-B154-E350AF463081}.Deploy|Any CPU.Build.0 = Release|Any CPU
		{0BF2447E-252D-4712-B154-E350AF463081}.Deploy|x64.ActiveCfg = Debug|Any CPU
		{0BF2447E-252D-4712-B154-E350AF463081}.Deploy|x64.Build.0 = Debug|Any CPU
		{0BF2447E-252D-4712-B154-E350AF463081}.Deploy|x86.ActiveCfg = Release|x86
		{0BF2447E-252D-4712-B154-E350AF463081}.Deploy|x86.Build.0 = Release|x86
		{0BF2447E-252D-4712-B154-E350AF463081}.Mono|Any CPU.ActiveCfg = Mono|Any CPU
		{0BF2447E-252D-4712-B154-E350AF463081}.Mono|Any CPU.Build.0 = Mono|Any CPU
		{0BF2447E-252D-4712-B154-E350AF463081}.Mono|x64.ActiveCfg = Mono|Any CPU
		{0BF2447E-252D-4712-B154-E350AF463081}.Mono|x64.Build.0 = Mono|Any CPU
		{0BF2447E-252D-4712-B154-E350AF463081}.Mono|x86.ActiveCfg = Mono|x86
		{0BF2447E-252D-4712-B154-E350AF463081}.Mono|x86.Build.0 = Mono|x86
		{0BF2447E-252D-4712-B154-E350AF463081}.Release|Any CPU.ActiveCfg = Release|Any CPU
		{0BF2447E-252D-4712-B154-E350AF463081}.Release|Any CPU.Build.0 = Release|Any CPU
		{0BF2447E-252D-4712-B154-E350AF463081}.Release|x64.ActiveCfg = Release|Any CPU
		{0BF2447E-252D-4712-B154-E350AF463081}.Release|x64.Build.0 = Release|Any CPU
		{0BF2447E-252D-4712-B154-E350AF463081}.Release|x86.ActiveCfg = Release|x86
		{0BF2447E-252D-4712-B154-E350AF463081}.Release|x86.Build.0 = Release|x86
		{449F2CB1-89BF-4E75-8E6C-C42FEB1AB087}.Debug|Any CPU.ActiveCfg = Debug|Any CPU
		{449F2CB1-89BF-4E75-8E6C-C42FEB1AB087}.Debug|Any CPU.Build.0 = Debug|Any CPU
		{449F2CB1-89BF-4E75-8E6C-C42FEB1AB087}.Debug|x64.ActiveCfg = Debug|Any CPU
		{449F2CB1-89BF-4E75-8E6C-C42FEB1AB087}.Debug|x64.Build.0 = Debug|Any CPU
		{449F2CB1-89BF-4E75-8E6C-C42FEB1AB087}.Debug|x86.ActiveCfg = Debug|x86
		{449F2CB1-89BF-4E75-8E6C-C42FEB1AB087}.Debug|x86.Build.0 = Debug|x86
		{449F2CB1-89BF-4E75-8E6C-C42FEB1AB087}.Deploy|Any CPU.ActiveCfg = Release|Any CPU
		{449F2CB1-89BF-4E75-8E6C-C42FEB1AB087}.Deploy|Any CPU.Build.0 = Release|Any CPU
		{449F2CB1-89BF-4E75-8E6C-C42FEB1AB087}.Deploy|x64.ActiveCfg = Debug|Any CPU
		{449F2CB1-89BF-4E75-8E6C-C42FEB1AB087}.Deploy|x64.Build.0 = Debug|Any CPU
		{449F2CB1-89BF-4E75-8E6C-C42FEB1AB087}.Deploy|x86.ActiveCfg = Release|x86
		{449F2CB1-89BF-4E75-8E6C-C42FEB1AB087}.Deploy|x86.Build.0 = Release|x86
		{449F2CB1-89BF-4E75-8E6C-C42FEB1AB087}.Mono|Any CPU.ActiveCfg = Mono|Any CPU
		{449F2CB1-89BF-4E75-8E6C-C42FEB1AB087}.Mono|Any CPU.Build.0 = Mono|Any CPU
		{449F2CB1-89BF-4E75-8E6C-C42FEB1AB087}.Mono|x64.ActiveCfg = Mono|Any CPU
		{449F2CB1-89BF-4E75-8E6C-C42FEB1AB087}.Mono|x64.Build.0 = Mono|Any CPU
		{449F2CB1-89BF-4E75-8E6C-C42FEB1AB087}.Mono|x86.ActiveCfg = Mono|x86
		{449F2CB1-89BF-4E75-8E6C-C42FEB1AB087}.Mono|x86.Build.0 = Mono|x86
		{449F2CB1-89BF-4E75-8E6C-C42FEB1AB087}.Release|Any CPU.ActiveCfg = Release|Any CPU
		{449F2CB1-89BF-4E75-8E6C-C42FEB1AB087}.Release|Any CPU.Build.0 = Release|Any CPU
		{449F2CB1-89BF-4E75-8E6C-C42FEB1AB087}.Release|x64.ActiveCfg = Release|Any CPU
		{449F2CB1-89BF-4E75-8E6C-C42FEB1AB087}.Release|x64.Build.0 = Release|Any CPU
		{449F2CB1-89BF-4E75-8E6C-C42FEB1AB087}.Release|x86.ActiveCfg = Release|x86
		{449F2CB1-89BF-4E75-8E6C-C42FEB1AB087}.Release|x86.Build.0 = Release|x86
		{17C0E07E-646F-4D20-9394-0CC34AD6D5B1}.Debug|Any CPU.ActiveCfg = Debug|Any CPU
		{17C0E07E-646F-4D20-9394-0CC34AD6D5B1}.Debug|Any CPU.Build.0 = Debug|Any CPU
		{17C0E07E-646F-4D20-9394-0CC34AD6D5B1}.Debug|x64.ActiveCfg = Debug|Any CPU
		{17C0E07E-646F-4D20-9394-0CC34AD6D5B1}.Debug|x64.Build.0 = Debug|Any CPU
		{17C0E07E-646F-4D20-9394-0CC34AD6D5B1}.Debug|x86.ActiveCfg = Debug|x86
		{17C0E07E-646F-4D20-9394-0CC34AD6D5B1}.Debug|x86.Build.0 = Debug|x86
		{17C0E07E-646F-4D20-9394-0CC34AD6D5B1}.Deploy|Any CPU.ActiveCfg = Release|Any CPU
		{17C0E07E-646F-4D20-9394-0CC34AD6D5B1}.Deploy|Any CPU.Build.0 = Release|Any CPU
		{17C0E07E-646F-4D20-9394-0CC34AD6D5B1}.Deploy|x64.ActiveCfg = Debug|Any CPU
		{17C0E07E-646F-4D20-9394-0CC34AD6D5B1}.Deploy|x64.Build.0 = Debug|Any CPU
		{17C0E07E-646F-4D20-9394-0CC34AD6D5B1}.Deploy|x86.ActiveCfg = Release|x86
		{17C0E07E-646F-4D20-9394-0CC34AD6D5B1}.Deploy|x86.Build.0 = Release|x86
		{17C0E07E-646F-4D20-9394-0CC34AD6D5B1}.Mono|Any CPU.ActiveCfg = Mono|Any CPU
		{17C0E07E-646F-4D20-9394-0CC34AD6D5B1}.Mono|x64.ActiveCfg = Mono|Any CPU
		{17C0E07E-646F-4D20-9394-0CC34AD6D5B1}.Mono|x64.Build.0 = Mono|Any CPU
		{17C0E07E-646F-4D20-9394-0CC34AD6D5B1}.Mono|x86.ActiveCfg = Mono|x86
		{17C0E07E-646F-4D20-9394-0CC34AD6D5B1}.Mono|x86.Build.0 = Mono|x86
		{17C0E07E-646F-4D20-9394-0CC34AD6D5B1}.Release|Any CPU.ActiveCfg = Release|Any CPU
		{17C0E07E-646F-4D20-9394-0CC34AD6D5B1}.Release|Any CPU.Build.0 = Release|Any CPU
		{17C0E07E-646F-4D20-9394-0CC34AD6D5B1}.Release|x64.ActiveCfg = Release|Any CPU
		{17C0E07E-646F-4D20-9394-0CC34AD6D5B1}.Release|x64.Build.0 = Release|Any CPU
		{17C0E07E-646F-4D20-9394-0CC34AD6D5B1}.Release|x86.ActiveCfg = Release|x86
		{17C0E07E-646F-4D20-9394-0CC34AD6D5B1}.Release|x86.Build.0 = Release|x86
		{2A74EACF-8291-47C7-A2ED-0D58771F24E2}.Debug|Any CPU.ActiveCfg = Debug|Any CPU
		{2A74EACF-8291-47C7-A2ED-0D58771F24E2}.Debug|Any CPU.Build.0 = Debug|Any CPU
		{2A74EACF-8291-47C7-A2ED-0D58771F24E2}.Debug|x64.ActiveCfg = Debug|Any CPU
		{2A74EACF-8291-47C7-A2ED-0D58771F24E2}.Debug|x64.Build.0 = Debug|Any CPU
		{2A74EACF-8291-47C7-A2ED-0D58771F24E2}.Debug|x86.ActiveCfg = Debug|x86
		{2A74EACF-8291-47C7-A2ED-0D58771F24E2}.Debug|x86.Build.0 = Debug|x86
		{2A74EACF-8291-47C7-A2ED-0D58771F24E2}.Deploy|Any CPU.ActiveCfg = Release|Any CPU
		{2A74EACF-8291-47C7-A2ED-0D58771F24E2}.Deploy|Any CPU.Build.0 = Release|Any CPU
		{2A74EACF-8291-47C7-A2ED-0D58771F24E2}.Deploy|x64.ActiveCfg = Debug|Any CPU
		{2A74EACF-8291-47C7-A2ED-0D58771F24E2}.Deploy|x64.Build.0 = Debug|Any CPU
		{2A74EACF-8291-47C7-A2ED-0D58771F24E2}.Deploy|x86.ActiveCfg = Release|x86
		{2A74EACF-8291-47C7-A2ED-0D58771F24E2}.Deploy|x86.Build.0 = Release|x86
		{2A74EACF-8291-47C7-A2ED-0D58771F24E2}.Mono|Any CPU.ActiveCfg = Mono|Any CPU
		{2A74EACF-8291-47C7-A2ED-0D58771F24E2}.Mono|x64.ActiveCfg = Mono|Any CPU
		{2A74EACF-8291-47C7-A2ED-0D58771F24E2}.Mono|x64.Build.0 = Mono|Any CPU
		{2A74EACF-8291-47C7-A2ED-0D58771F24E2}.Mono|x86.ActiveCfg = Mono|x86
		{2A74EACF-8291-47C7-A2ED-0D58771F24E2}.Mono|x86.Build.0 = Mono|x86
		{2A74EACF-8291-47C7-A2ED-0D58771F24E2}.Release|Any CPU.ActiveCfg = Release|Any CPU
		{2A74EACF-8291-47C7-A2ED-0D58771F24E2}.Release|Any CPU.Build.0 = Release|Any CPU
		{2A74EACF-8291-47C7-A2ED-0D58771F24E2}.Release|x64.ActiveCfg = Release|Any CPU
		{2A74EACF-8291-47C7-A2ED-0D58771F24E2}.Release|x64.Build.0 = Release|Any CPU
		{2A74EACF-8291-47C7-A2ED-0D58771F24E2}.Release|x86.ActiveCfg = Release|x86
		{2A74EACF-8291-47C7-A2ED-0D58771F24E2}.Release|x86.Build.0 = Release|x86
		{A4C500AC-70AC-4869-8A08-E10CCD45F64F}.Debug|Any CPU.ActiveCfg = Debug|Any CPU
		{A4C500AC-70AC-4869-8A08-E10CCD45F64F}.Debug|Any CPU.Build.0 = Debug|Any CPU
		{A4C500AC-70AC-4869-8A08-E10CCD45F64F}.Debug|x64.ActiveCfg = Debug|Any CPU
		{A4C500AC-70AC-4869-8A08-E10CCD45F64F}.Debug|x64.Build.0 = Debug|Any CPU
		{A4C500AC-70AC-4869-8A08-E10CCD45F64F}.Debug|x86.ActiveCfg = Debug|x86
		{A4C500AC-70AC-4869-8A08-E10CCD45F64F}.Debug|x86.Build.0 = Debug|x86
		{A4C500AC-70AC-4869-8A08-E10CCD45F64F}.Deploy|Any CPU.ActiveCfg = Release|Any CPU
		{A4C500AC-70AC-4869-8A08-E10CCD45F64F}.Deploy|Any CPU.Build.0 = Release|Any CPU
		{A4C500AC-70AC-4869-8A08-E10CCD45F64F}.Deploy|x64.ActiveCfg = Debug|Any CPU
		{A4C500AC-70AC-4869-8A08-E10CCD45F64F}.Deploy|x64.Build.0 = Debug|Any CPU
		{A4C500AC-70AC-4869-8A08-E10CCD45F64F}.Deploy|x86.ActiveCfg = Release|x86
		{A4C500AC-70AC-4869-8A08-E10CCD45F64F}.Deploy|x86.Build.0 = Release|x86
		{A4C500AC-70AC-4869-8A08-E10CCD45F64F}.Mono|Any CPU.ActiveCfg = Mono|Any CPU
		{A4C500AC-70AC-4869-8A08-E10CCD45F64F}.Mono|x64.ActiveCfg = Mono|Any CPU
		{A4C500AC-70AC-4869-8A08-E10CCD45F64F}.Mono|x64.Build.0 = Mono|Any CPU
		{A4C500AC-70AC-4869-8A08-E10CCD45F64F}.Mono|x86.ActiveCfg = Mono|x86
		{A4C500AC-70AC-4869-8A08-E10CCD45F64F}.Mono|x86.Build.0 = Mono|x86
		{A4C500AC-70AC-4869-8A08-E10CCD45F64F}.Release|Any CPU.ActiveCfg = Release|Any CPU
		{A4C500AC-70AC-4869-8A08-E10CCD45F64F}.Release|Any CPU.Build.0 = Release|Any CPU
		{A4C500AC-70AC-4869-8A08-E10CCD45F64F}.Release|x64.ActiveCfg = Release|Any CPU
		{A4C500AC-70AC-4869-8A08-E10CCD45F64F}.Release|x64.Build.0 = Release|Any CPU
		{A4C500AC-70AC-4869-8A08-E10CCD45F64F}.Release|x86.ActiveCfg = Release|x86
		{A4C500AC-70AC-4869-8A08-E10CCD45F64F}.Release|x86.Build.0 = Release|x86
		{6903507C-C289-4F8F-887C-C2D94C72BA99}.Debug|Any CPU.ActiveCfg = Debug|Any CPU
		{6903507C-C289-4F8F-887C-C2D94C72BA99}.Debug|Any CPU.Build.0 = Debug|Any CPU
		{6903507C-C289-4F8F-887C-C2D94C72BA99}.Debug|x64.ActiveCfg = Debug|Any CPU
		{6903507C-C289-4F8F-887C-C2D94C72BA99}.Debug|x64.Build.0 = Debug|Any CPU
		{6903507C-C289-4F8F-887C-C2D94C72BA99}.Debug|x86.ActiveCfg = Debug|x86
		{6903507C-C289-4F8F-887C-C2D94C72BA99}.Debug|x86.Build.0 = Debug|x86
		{6903507C-C289-4F8F-887C-C2D94C72BA99}.Deploy|Any CPU.ActiveCfg = Release|Any CPU
		{6903507C-C289-4F8F-887C-C2D94C72BA99}.Deploy|Any CPU.Build.0 = Release|Any CPU
		{6903507C-C289-4F8F-887C-C2D94C72BA99}.Deploy|x64.ActiveCfg = Debug|Any CPU
		{6903507C-C289-4F8F-887C-C2D94C72BA99}.Deploy|x64.Build.0 = Debug|Any CPU
		{6903507C-C289-4F8F-887C-C2D94C72BA99}.Deploy|x86.ActiveCfg = Release|x86
		{6903507C-C289-4F8F-887C-C2D94C72BA99}.Deploy|x86.Build.0 = Release|x86
		{6903507C-C289-4F8F-887C-C2D94C72BA99}.Mono|Any CPU.ActiveCfg = Mono|Any CPU
		{6903507C-C289-4F8F-887C-C2D94C72BA99}.Mono|x64.ActiveCfg = Mono|Any CPU
		{6903507C-C289-4F8F-887C-C2D94C72BA99}.Mono|x64.Build.0 = Mono|Any CPU
		{6903507C-C289-4F8F-887C-C2D94C72BA99}.Mono|x86.ActiveCfg = Mono|x86
		{6903507C-C289-4F8F-887C-C2D94C72BA99}.Mono|x86.Build.0 = Mono|x86
		{6903507C-C289-4F8F-887C-C2D94C72BA99}.Release|Any CPU.ActiveCfg = Release|Any CPU
		{6903507C-C289-4F8F-887C-C2D94C72BA99}.Release|Any CPU.Build.0 = Release|Any CPU
		{6903507C-C289-4F8F-887C-C2D94C72BA99}.Release|x64.ActiveCfg = Release|Any CPU
		{6903507C-C289-4F8F-887C-C2D94C72BA99}.Release|x64.Build.0 = Release|Any CPU
		{6903507C-C289-4F8F-887C-C2D94C72BA99}.Release|x86.ActiveCfg = Release|x86
		{6903507C-C289-4F8F-887C-C2D94C72BA99}.Release|x86.Build.0 = Release|x86
		{5D7F9600-E7F9-491C-AD0C-CECBA54F7083}.Debug|Any CPU.ActiveCfg = Debug|Any CPU
		{5D7F9600-E7F9-491C-AD0C-CECBA54F7083}.Debug|Any CPU.Build.0 = Debug|Any CPU
		{5D7F9600-E7F9-491C-AD0C-CECBA54F7083}.Debug|x64.ActiveCfg = Debug|Any CPU
		{5D7F9600-E7F9-491C-AD0C-CECBA54F7083}.Debug|x64.Build.0 = Debug|Any CPU
		{5D7F9600-E7F9-491C-AD0C-CECBA54F7083}.Debug|x86.ActiveCfg = Debug|Any CPU
		{5D7F9600-E7F9-491C-AD0C-CECBA54F7083}.Deploy|Any CPU.ActiveCfg = Release|Any CPU
		{5D7F9600-E7F9-491C-AD0C-CECBA54F7083}.Deploy|Any CPU.Build.0 = Release|Any CPU
		{5D7F9600-E7F9-491C-AD0C-CECBA54F7083}.Deploy|x64.ActiveCfg = Debug|Any CPU
		{5D7F9600-E7F9-491C-AD0C-CECBA54F7083}.Deploy|x64.Build.0 = Debug|Any CPU
		{5D7F9600-E7F9-491C-AD0C-CECBA54F7083}.Deploy|x86.ActiveCfg = Debug|Any CPU
		{5D7F9600-E7F9-491C-AD0C-CECBA54F7083}.Mono|Any CPU.ActiveCfg = Mono|Any CPU
		{5D7F9600-E7F9-491C-AD0C-CECBA54F7083}.Mono|Any CPU.Build.0 = Mono|Any CPU
		{5D7F9600-E7F9-491C-AD0C-CECBA54F7083}.Mono|x64.ActiveCfg = Mono|Any CPU
		{5D7F9600-E7F9-491C-AD0C-CECBA54F7083}.Mono|x64.Build.0 = Mono|Any CPU
		{5D7F9600-E7F9-491C-AD0C-CECBA54F7083}.Mono|x86.ActiveCfg = Release|Any CPU
		{5D7F9600-E7F9-491C-AD0C-CECBA54F7083}.Release|Any CPU.ActiveCfg = Release|Any CPU
		{5D7F9600-E7F9-491C-AD0C-CECBA54F7083}.Release|Any CPU.Build.0 = Release|Any CPU
		{5D7F9600-E7F9-491C-AD0C-CECBA54F7083}.Release|x64.ActiveCfg = Release|Any CPU
		{5D7F9600-E7F9-491C-AD0C-CECBA54F7083}.Release|x64.Build.0 = Release|Any CPU
		{5D7F9600-E7F9-491C-AD0C-CECBA54F7083}.Release|x86.ActiveCfg = Release|Any CPU
		{6858B393-77B4-4F28-A4B1-14B484C10FB2}.Debug|Any CPU.ActiveCfg = Debug|x64
		{6858B393-77B4-4F28-A4B1-14B484C10FB2}.Debug|x64.ActiveCfg = Debug|x64
		{6858B393-77B4-4F28-A4B1-14B484C10FB2}.Debug|x64.Build.0 = Debug|x64
		{6858B393-77B4-4F28-A4B1-14B484C10FB2}.Debug|x86.ActiveCfg = Debug|x64
		{6858B393-77B4-4F28-A4B1-14B484C10FB2}.Deploy|Any CPU.ActiveCfg = Release|x64
		{6858B393-77B4-4F28-A4B1-14B484C10FB2}.Deploy|Any CPU.Build.0 = Release|x64
		{6858B393-77B4-4F28-A4B1-14B484C10FB2}.Deploy|x64.ActiveCfg = Debug|x64
		{6858B393-77B4-4F28-A4B1-14B484C10FB2}.Deploy|x64.Build.0 = Debug|x64
		{6858B393-77B4-4F28-A4B1-14B484C10FB2}.Deploy|x86.ActiveCfg = Release|x64
		{6858B393-77B4-4F28-A4B1-14B484C10FB2}.Deploy|x86.Build.0 = Release|x64
		{6858B393-77B4-4F28-A4B1-14B484C10FB2}.Mono|Any CPU.ActiveCfg = Release|x64
		{6858B393-77B4-4F28-A4B1-14B484C10FB2}.Mono|Any CPU.Build.0 = Release|x64
		{6858B393-77B4-4F28-A4B1-14B484C10FB2}.Mono|x64.ActiveCfg = Release|x64
		{6858B393-77B4-4F28-A4B1-14B484C10FB2}.Mono|x64.Build.0 = Release|x64
		{6858B393-77B4-4F28-A4B1-14B484C10FB2}.Mono|x86.ActiveCfg = Release|x64
		{6858B393-77B4-4F28-A4B1-14B484C10FB2}.Mono|x86.Build.0 = Release|x64
		{6858B393-77B4-4F28-A4B1-14B484C10FB2}.Release|Any CPU.ActiveCfg = Release|x64
		{6858B393-77B4-4F28-A4B1-14B484C10FB2}.Release|Any CPU.Build.0 = Release|x64
		{6858B393-77B4-4F28-A4B1-14B484C10FB2}.Release|x64.ActiveCfg = Release|x64
		{6858B393-77B4-4F28-A4B1-14B484C10FB2}.Release|x64.Build.0 = Release|x64
		{6858B393-77B4-4F28-A4B1-14B484C10FB2}.Release|x86.ActiveCfg = Release|x64
	EndGlobalSection
	GlobalSection(SolutionProperties) = preSolution
		HideSolutionNode = FALSE
	EndGlobalSection
	GlobalSection(NestedProjects) = preSolution
		{94B7694B-F813-47FF-8C50-33DCA32D183D} = {BD933E0E-B3FD-470B-B53B-56DA8BC27467}
		{9A59B9E0-A36F-4C52-8568-CB004B20885B} = {E7006E3E-A430-4AB2-A6CA-7653D7F62D4B}
		{B1AC9848-2909-4A7B-9541-8EA4E89E72F1} = {E7006E3E-A430-4AB2-A6CA-7653D7F62D4B}
		{CE260396-797B-45DF-AC53-E4FC553B57C0} = {BD933E0E-B3FD-470B-B53B-56DA8BC27467}
		{F7821DF0-BD48-481E-9DF9-D64AEFD24F57} = {9EEDE95F-8333-4957-B270-02D3CD4629B5}
		{D71CBFB5-291F-484E-9DAE-7442F4CA746A} = {9EEDE95F-8333-4957-B270-02D3CD4629B5}
		{53255BB7-2046-4606-BF76-7B5C13F49819} = {E7006E3E-A430-4AB2-A6CA-7653D7F62D4B}
		{051BD028-6567-442A-B7C5-A5DD9F70B357} = {E7006E3E-A430-4AB2-A6CA-7653D7F62D4B}
		{0BF2447E-252D-4712-B154-E350AF463081} = {CE260396-797B-45DF-AC53-E4FC553B57C0}
		{449F2CB1-89BF-4E75-8E6C-C42FEB1AB087} = {CE260396-797B-45DF-AC53-E4FC553B57C0}
		{17C0E07E-646F-4D20-9394-0CC34AD6D5B1} = {CE260396-797B-45DF-AC53-E4FC553B57C0}
		{2A74EACF-8291-47C7-A2ED-0D58771F24E2} = {F7821DF0-BD48-481E-9DF9-D64AEFD24F57}
		{A4C500AC-70AC-4869-8A08-E10CCD45F64F} = {D71CBFB5-291F-484E-9DAE-7442F4CA746A}
		{6903507C-C289-4F8F-887C-C2D94C72BA99} = {94B7694B-F813-47FF-8C50-33DCA32D183D}
		{5D7F9600-E7F9-491C-AD0C-CECBA54F7083} = {CE260396-797B-45DF-AC53-E4FC553B57C0}
		{6858B393-77B4-4F28-A4B1-14B484C10FB2} = {CE260396-797B-45DF-AC53-E4FC553B57C0}
	EndGlobalSection
EndGlobal
